// !$*UTF8*$!
{
	archiveVersion = 1;
	classes = {
	};
	objectVersion = 46;
	objects = {

/* Begin PBXBuildFile section */
		B6A9BA41188EE6BF006E5447 /* Foundation.framework in Frameworks */ = {isa = PBXBuildFile; fileRef = B6A9BA40188EE6BF006E5447 /* Foundation.framework */; };
		B6A9BA43188EE6BF006E5447 /* CoreGraphics.framework in Frameworks */ = {isa = PBXBuildFile; fileRef = B6A9BA42188EE6BF006E5447 /* CoreGraphics.framework */; };
		B6A9BA45188EE6BF006E5447 /* UIKit.framework in Frameworks */ = {isa = PBXBuildFile; fileRef = B6A9BA44188EE6BF006E5447 /* UIKit.framework */; };
		B6A9BA4B188EE6BF006E5447 /* InfoPlist.strings in Resources */ = {isa = PBXBuildFile; fileRef = B6A9BA49188EE6BF006E5447 /* InfoPlist.strings */; };
		B6A9BA4D188EE6BF006E5447 /* main.m in Sources */ = {isa = PBXBuildFile; fileRef = B6A9BA4C188EE6BF006E5447 /* main.m */; };
		B6A9BA51188EE6BF006E5447 /* tabedAppDelegate.m in Sources */ = {isa = PBXBuildFile; fileRef = B6A9BA50188EE6BF006E5447 /* tabedAppDelegate.m */; };
		B6A9BA54188EE6BF006E5447 /* Main.storyboard in Resources */ = {isa = PBXBuildFile; fileRef = B6A9BA52188EE6BF006E5447 /* Main.storyboard */; };
		B6A9BA5A188EE6BF006E5447 /* tabedSecondViewController.m in Sources */ = {isa = PBXBuildFile; fileRef = B6A9BA59188EE6BF006E5447 /* tabedSecondViewController.m */; };
		B6A9BA5C188EE6BF006E5447 /* Images.xcassets in Resources */ = {isa = PBXBuildFile; fileRef = B6A9BA5B188EE6BF006E5447 /* Images.xcassets */; };
		B6A9BA63188EE6C0006E5447 /* XCTest.framework in Frameworks */ = {isa = PBXBuildFile; fileRef = B6A9BA62188EE6C0006E5447 /* XCTest.framework */; };
		B6A9BA64188EE6C0006E5447 /* Foundation.framework in Frameworks */ = {isa = PBXBuildFile; fileRef = B6A9BA40188EE6BF006E5447 /* Foundation.framework */; };
		B6A9BA65188EE6C0006E5447 /* UIKit.framework in Frameworks */ = {isa = PBXBuildFile; fileRef = B6A9BA44188EE6BF006E5447 /* UIKit.framework */; };
		B6A9BA6D188EE6C0006E5447 /* InfoPlist.strings in Resources */ = {isa = PBXBuildFile; fileRef = B6A9BA6B188EE6C0006E5447 /* InfoPlist.strings */; };
		B6A9BA6F188EE6C0006E5447 /* tabedTests.m in Sources */ = {isa = PBXBuildFile; fileRef = B6A9BA6E188EE6C0006E5447 /* tabedTests.m */; };
		B6A9BA7D1890247D006E5447 /* TableViewController.m in Sources */ = {isa = PBXBuildFile; fileRef = B6A9BA7C1890247D006E5447 /* TableViewController.m */; };
		B6A9BAC91895A77D006E5447 /* filmCell.m in Sources */ = {isa = PBXBuildFile; fileRef = B6A9BAC81895A77D006E5447 /* filmCell.m */; };
		B6A9BAFC18967B93006E5447 /* AppIcon29x29.png in Resources */ = {isa = PBXBuildFile; fileRef = B6A9BAEC18967B93006E5447 /* AppIcon29x29.png */; };
		B6A9BAFD18967B93006E5447 /* AppIcon29x29@2x.png in Resources */ = {isa = PBXBuildFile; fileRef = B6A9BAED18967B93006E5447 /* AppIcon29x29@2x.png */; };
		B6A9BAFE18967B93006E5447 /* AppIcon40x40.png in Resources */ = {isa = PBXBuildFile; fileRef = B6A9BAEE18967B93006E5447 /* AppIcon40x40.png */; };
		B6A9BAFF18967B93006E5447 /* AppIcon40x40@2x.png in Resources */ = {isa = PBXBuildFile; fileRef = B6A9BAEF18967B93006E5447 /* AppIcon40x40@2x.png */; };
		B6A9BB0018967B93006E5447 /* AppIcon50x50.png in Resources */ = {isa = PBXBuildFile; fileRef = B6A9BAF018967B93006E5447 /* AppIcon50x50.png */; };
		B6A9BB0118967B93006E5447 /* AppIcon50x50@2x.png in Resources */ = {isa = PBXBuildFile; fileRef = B6A9BAF118967B93006E5447 /* AppIcon50x50@2x.png */; };
		B6A9BB0218967B93006E5447 /* AppIcon57x57.png in Resources */ = {isa = PBXBuildFile; fileRef = B6A9BAF218967B93006E5447 /* AppIcon57x57.png */; };
		B6A9BB0318967B93006E5447 /* AppIcon57x57@2x.png in Resources */ = {isa = PBXBuildFile; fileRef = B6A9BAF318967B93006E5447 /* AppIcon57x57@2x.png */; };
		B6A9BB0418967B93006E5447 /* AppIcon60x60.png in Resources */ = {isa = PBXBuildFile; fileRef = B6A9BAF418967B93006E5447 /* AppIcon60x60.png */; };
		B6A9BB0518967B93006E5447 /* AppIcon60x60@2x.png in Resources */ = {isa = PBXBuildFile; fileRef = B6A9BAF518967B93006E5447 /* AppIcon60x60@2x.png */; };
		B6A9BB0618967B93006E5447 /* AppIcon72x72.png in Resources */ = {isa = PBXBuildFile; fileRef = B6A9BAF618967B93006E5447 /* AppIcon72x72.png */; };
		B6A9BB0718967B93006E5447 /* AppIcon72x72@2x.png in Resources */ = {isa = PBXBuildFile; fileRef = B6A9BAF718967B93006E5447 /* AppIcon72x72@2x.png */; };
		B6A9BB0818967B93006E5447 /* AppIcon76x76.png in Resources */ = {isa = PBXBuildFile; fileRef = B6A9BAF818967B93006E5447 /* AppIcon76x76.png */; };
		B6A9BB0918967B93006E5447 /* AppIcon76x76@2x.png in Resources */ = {isa = PBXBuildFile; fileRef = B6A9BAF918967B93006E5447 /* AppIcon76x76@2x.png */; };
		B6A9BB0A18967B93006E5447 /* iTunesArtwork.png in Resources */ = {isa = PBXBuildFile; fileRef = B6A9BAFA18967B93006E5447 /* iTunesArtwork.png */; };
		B6A9BB0B18967B93006E5447 /* iTunesArtwork@2x.png in Resources */ = {isa = PBXBuildFile; fileRef = B6A9BAFB18967B93006E5447 /* iTunesArtwork@2x.png */; };
		B6D8167B189A892F007603BC /* descriptionViewController.m in Sources */ = {isa = PBXBuildFile; fileRef = B6D8167A189A892F007603BC /* descriptionViewController.m */; };
/* End PBXBuildFile section */

/* Begin PBXContainerItemProxy section */
		B6A9BA66188EE6C0006E5447 /* PBXContainerItemProxy */ = {
			isa = PBXContainerItemProxy;
			containerPortal = B6A9BA35188EE6BF006E5447 /* Project object */;
			proxyType = 1;
			remoteGlobalIDString = B6A9BA3C188EE6BF006E5447;
			remoteInfo = tabed;
		};
/* End PBXContainerItemProxy section */

/* Begin PBXFileReference section */
		B6A9BA3D188EE6BF006E5447 /* tabed.app */ = {isa = PBXFileReference; explicitFileType = wrapper.application; includeInIndex = 0; path = tabed.app; sourceTree = BUILT_PRODUCTS_DIR; };
		B6A9BA40188EE6BF006E5447 /* Foundation.framework */ = {isa = PBXFileReference; lastKnownFileType = wrapper.framework; name = Foundation.framework; path = System/Library/Frameworks/Foundation.framework; sourceTree = SDKROOT; };
		B6A9BA42188EE6BF006E5447 /* CoreGraphics.framework */ = {isa = PBXFileReference; lastKnownFileType = wrapper.framework; name = CoreGraphics.framework; path = System/Library/Frameworks/CoreGraphics.framework; sourceTree = SDKROOT; };
		B6A9BA44188EE6BF006E5447 /* UIKit.framework */ = {isa = PBXFileReference; lastKnownFileType = wrapper.framework; name = UIKit.framework; path = System/Library/Frameworks/UIKit.framework; sourceTree = SDKROOT; };
		B6A9BA48188EE6BF006E5447 /* tabed-Info.plist */ = {isa = PBXFileReference; lastKnownFileType = text.plist.xml; path = "tabed-Info.plist"; sourceTree = "<group>"; };
		B6A9BA4A188EE6BF006E5447 /* en */ = {isa = PBXFileReference; lastKnownFileType = text.plist.strings; name = en; path = en.lproj/InfoPlist.strings; sourceTree = "<group>"; };
		B6A9BA4C188EE6BF006E5447 /* main.m */ = {isa = PBXFileReference; lastKnownFileType = sourcecode.c.objc; path = main.m; sourceTree = "<group>"; };
		B6A9BA4E188EE6BF006E5447 /* tabed-Prefix.pch */ = {isa = PBXFileReference; lastKnownFileType = sourcecode.c.h; path = "tabed-Prefix.pch"; sourceTree = "<group>"; };
		B6A9BA4F188EE6BF006E5447 /* tabedAppDelegate.h */ = {isa = PBXFileReference; lastKnownFileType = sourcecode.c.h; path = tabedAppDelegate.h; sourceTree = "<group>"; };
		B6A9BA50188EE6BF006E5447 /* tabedAppDelegate.m */ = {isa = PBXFileReference; lastKnownFileType = sourcecode.c.objc; path = tabedAppDelegate.m; sourceTree = "<group>"; };
		B6A9BA53188EE6BF006E5447 /* Base */ = {isa = PBXFileReference; lastKnownFileType = file.storyboard; name = Base; path = Base.lproj/Main.storyboard; sourceTree = "<group>"; };
		B6A9BA58188EE6BF006E5447 /* tabedSecondViewController.h */ = {isa = PBXFileReference; lastKnownFileType = sourcecode.c.h; path = tabedSecondViewController.h; sourceTree = "<group>"; };
		B6A9BA59188EE6BF006E5447 /* tabedSecondViewController.m */ = {isa = PBXFileReference; lastKnownFileType = sourcecode.c.objc; path = tabedSecondViewController.m; sourceTree = "<group>"; };
		B6A9BA5B188EE6BF006E5447 /* Images.xcassets */ = {isa = PBXFileReference; lastKnownFileType = folder.assetcatalog; path = Images.xcassets; sourceTree = "<group>"; };
		B6A9BA61188EE6C0006E5447 /* tabedTests.xctest */ = {isa = PBXFileReference; explicitFileType = wrapper.cfbundle; includeInIndex = 0; path = tabedTests.xctest; sourceTree = BUILT_PRODUCTS_DIR; };
		B6A9BA62188EE6C0006E5447 /* XCTest.framework */ = {isa = PBXFileReference; lastKnownFileType = wrapper.framework; name = XCTest.framework; path = Library/Frameworks/XCTest.framework; sourceTree = DEVELOPER_DIR; };
		B6A9BA6A188EE6C0006E5447 /* tabedTests-Info.plist */ = {isa = PBXFileReference; lastKnownFileType = text.plist.xml; path = "tabedTests-Info.plist"; sourceTree = "<group>"; };
		B6A9BA6C188EE6C0006E5447 /* en */ = {isa = PBXFileReference; lastKnownFileType = text.plist.strings; name = en; path = en.lproj/InfoPlist.strings; sourceTree = "<group>"; };
		B6A9BA6E188EE6C0006E5447 /* tabedTests.m */ = {isa = PBXFileReference; lastKnownFileType = sourcecode.c.objc; path = tabedTests.m; sourceTree = "<group>"; };
		B6A9BA7B1890247D006E5447 /* TableViewController.h */ = {isa = PBXFileReference; fileEncoding = 4; lastKnownFileType = sourcecode.c.h; path = TableViewController.h; sourceTree = "<group>"; };
		B6A9BA7C1890247D006E5447 /* TableViewController.m */ = {isa = PBXFileReference; fileEncoding = 4; lastKnownFileType = sourcecode.c.objc; path = TableViewController.m; sourceTree = "<group>"; };
		B6A9BAC71895A77D006E5447 /* filmCell.h */ = {isa = PBXFileReference; fileEncoding = 4; lastKnownFileType = sourcecode.c.h; path = filmCell.h; sourceTree = "<group>"; };
		B6A9BAC81895A77D006E5447 /* filmCell.m */ = {isa = PBXFileReference; fileEncoding = 4; lastKnownFileType = sourcecode.c.objc; path = filmCell.m; sourceTree = "<group>"; };
		B6A9BAEC18967B93006E5447 /* AppIcon29x29.png */ = {isa = PBXFileReference; lastKnownFileType = image.png; path = AppIcon29x29.png; sourceTree = "<group>"; };
		B6A9BAED18967B93006E5447 /* AppIcon29x29@2x.png */ = {isa = PBXFileReference; lastKnownFileType = image.png; path = "AppIcon29x29@2x.png"; sourceTree = "<group>"; };
		B6A9BAEE18967B93006E5447 /* AppIcon40x40.png */ = {isa = PBXFileReference; lastKnownFileType = image.png; path = AppIcon40x40.png; sourceTree = "<group>"; };
		B6A9BAEF18967B93006E5447 /* AppIcon40x40@2x.png */ = {isa = PBXFileReference; lastKnownFileType = image.png; path = "AppIcon40x40@2x.png"; sourceTree = "<group>"; };
		B6A9BAF018967B93006E5447 /* AppIcon50x50.png */ = {isa = PBXFileReference; lastKnownFileType = image.png; path = AppIcon50x50.png; sourceTree = "<group>"; };
		B6A9BAF118967B93006E5447 /* AppIcon50x50@2x.png */ = {isa = PBXFileReference; lastKnownFileType = image.png; path = "AppIcon50x50@2x.png"; sourceTree = "<group>"; };
		B6A9BAF218967B93006E5447 /* AppIcon57x57.png */ = {isa = PBXFileReference; lastKnownFileType = image.png; path = AppIcon57x57.png; sourceTree = "<group>"; };
		B6A9BAF318967B93006E5447 /* AppIcon57x57@2x.png */ = {isa = PBXFileReference; lastKnownFileType = image.png; path = "AppIcon57x57@2x.png"; sourceTree = "<group>"; };
		B6A9BAF418967B93006E5447 /* AppIcon60x60.png */ = {isa = PBXFileReference; lastKnownFileType = image.png; path = AppIcon60x60.png; sourceTree = "<group>"; };
		B6A9BAF518967B93006E5447 /* AppIcon60x60@2x.png */ = {isa = PBXFileReference; lastKnownFileType = image.png; path = "AppIcon60x60@2x.png"; sourceTree = "<group>"; };
		B6A9BAF618967B93006E5447 /* AppIcon72x72.png */ = {isa = PBXFileReference; lastKnownFileType = image.png; path = AppIcon72x72.png; sourceTree = "<group>"; };
		B6A9BAF718967B93006E5447 /* AppIcon72x72@2x.png */ = {isa = PBXFileReference; lastKnownFileType = image.png; path = "AppIcon72x72@2x.png"; sourceTree = "<group>"; };
		B6A9BAF818967B93006E5447 /* AppIcon76x76.png */ = {isa = PBXFileReference; lastKnownFileType = image.png; path = AppIcon76x76.png; sourceTree = "<group>"; };
		B6A9BAF918967B93006E5447 /* AppIcon76x76@2x.png */ = {isa = PBXFileReference; lastKnownFileType = image.png; path = "AppIcon76x76@2x.png"; sourceTree = "<group>"; };
		B6A9BAFA18967B93006E5447 /* iTunesArtwork.png */ = {isa = PBXFileReference; lastKnownFileType = image.png; path = iTunesArtwork.png; sourceTree = "<group>"; };
		B6A9BAFB18967B93006E5447 /* iTunesArtwork@2x.png */ = {isa = PBXFileReference; lastKnownFileType = image.png; path = "iTunesArtwork@2x.png"; sourceTree = "<group>"; };
		B6D81679189A892F007603BC /* descriptionViewController.h */ = {isa = PBXFileReference; fileEncoding = 4; lastKnownFileType = sourcecode.c.h; path = descriptionViewController.h; sourceTree = "<group>"; };
		B6D8167A189A892F007603BC /* descriptionViewController.m */ = {isa = PBXFileReference; fileEncoding = 4; lastKnownFileType = sourcecode.c.objc; path = descriptionViewController.m; sourceTree = "<group>"; };
/* End PBXFileReference section */

/* Begin PBXFrameworksBuildPhase section */
		B6A9BA3A188EE6BF006E5447 /* Frameworks */ = {
			isa = PBXFrameworksBuildPhase;
			buildActionMask = 2147483647;
			files = (
				B6A9BA43188EE6BF006E5447 /* CoreGraphics.framework in Frameworks */,
				B6A9BA45188EE6BF006E5447 /* UIKit.framework in Frameworks */,
				B6A9BA41188EE6BF006E5447 /* Foundation.framework in Frameworks */,
			);
			runOnlyForDeploymentPostprocessing = 0;
		};
		B6A9BA5E188EE6C0006E5447 /* Frameworks */ = {
			isa = PBXFrameworksBuildPhase;
			buildActionMask = 2147483647;
			files = (
				B6A9BA63188EE6C0006E5447 /* XCTest.framework in Frameworks */,
				B6A9BA65188EE6C0006E5447 /* UIKit.framework in Frameworks */,
				B6A9BA64188EE6C0006E5447 /* Foundation.framework in Frameworks */,
			);
			runOnlyForDeploymentPostprocessing = 0;
		};
/* End PBXFrameworksBuildPhase section */

/* Begin PBXGroup section */
		B6A9BA34188EE6BF006E5447 = {
			isa = PBXGroup;
			children = (
				B6A9BA46188EE6BF006E5447 /* tabed */,
				B6A9BA68188EE6C0006E5447 /* tabedTests */,
				B6A9BA3F188EE6BF006E5447 /* Frameworks */,
				B6A9BA3E188EE6BF006E5447 /* Products */,
			);
			sourceTree = "<group>";
		};
		B6A9BA3E188EE6BF006E5447 /* Products */ = {
			isa = PBXGroup;
			children = (
				B6A9BA3D188EE6BF006E5447 /* tabed.app */,
				B6A9BA61188EE6C0006E5447 /* tabedTests.xctest */,
			);
			name = Products;
			sourceTree = "<group>";
		};
		B6A9BA3F188EE6BF006E5447 /* Frameworks */ = {
			isa = PBXGroup;
			children = (
				B6A9BA40188EE6BF006E5447 /* Foundation.framework */,
				B6A9BA42188EE6BF006E5447 /* CoreGraphics.framework */,
				B6A9BA44188EE6BF006E5447 /* UIKit.framework */,
				B6A9BA62188EE6C0006E5447 /* XCTest.framework */,
			);
			name = Frameworks;
			sourceTree = "<group>";
		};
		B6A9BA46188EE6BF006E5447 /* tabed */ = {
			isa = PBXGroup;
			children = (
				B6A9BA4F188EE6BF006E5447 /* tabedAppDelegate.h */,
				B6A9BA50188EE6BF006E5447 /* tabedAppDelegate.m */,
				B6A9BA52188EE6BF006E5447 /* Main.storyboard */,
				B6D81679189A892F007603BC /* descriptionViewController.h */,
				B6D8167A189A892F007603BC /* descriptionViewController.m */,
				B6A9BAC71895A77D006E5447 /* filmCell.h */,
				B6A9BAC81895A77D006E5447 /* filmCell.m */,
				B6A9BA7B1890247D006E5447 /* TableViewController.h */,
				B6A9BA7C1890247D006E5447 /* TableViewController.m */,
				B6A9BA58188EE6BF006E5447 /* tabedSecondViewController.h */,
				B6A9BA59188EE6BF006E5447 /* tabedSecondViewController.m */,
				B6A9BA5B188EE6BF006E5447 /* Images.xcassets */,
				B6A9BAEB18967B93006E5447 /* App_Icon_[Rounded] */,
				B6A9BA47188EE6BF006E5447 /* Supporting Files */,
			);
			path = tabed;
			sourceTree = "<group>";
		};
		B6A9BA47188EE6BF006E5447 /* Supporting Files */ = {
			isa = PBXGroup;
			children = (
				B6A9BA48188EE6BF006E5447 /* tabed-Info.plist */,
				B6A9BA49188EE6BF006E5447 /* InfoPlist.strings */,
				B6A9BA4C188EE6BF006E5447 /* main.m */,
				B6A9BA4E188EE6BF006E5447 /* tabed-Prefix.pch */,
			);
			name = "Supporting Files";
			sourceTree = "<group>";
		};
		B6A9BA68188EE6C0006E5447 /* tabedTests */ = {
			isa = PBXGroup;
			children = (
				B6A9BA6E188EE6C0006E5447 /* tabedTests.m */,
				B6A9BA69188EE6C0006E5447 /* Supporting Files */,
			);
			path = tabedTests;
			sourceTree = "<group>";
		};
		B6A9BA69188EE6C0006E5447 /* Supporting Files */ = {
			isa = PBXGroup;
			children = (
				B6A9BA6A188EE6C0006E5447 /* tabedTests-Info.plist */,
				B6A9BA6B188EE6C0006E5447 /* InfoPlist.strings */,
			);
			name = "Supporting Files";
			sourceTree = "<group>";
		};
		B6A9BAEB18967B93006E5447 /* App_Icon_[Rounded] */ = {
			isa = PBXGroup;
			children = (
				B6A9BAEC18967B93006E5447 /* AppIcon29x29.png */,
				B6A9BAED18967B93006E5447 /* AppIcon29x29@2x.png */,
				B6A9BAEE18967B93006E5447 /* AppIcon40x40.png */,
				B6A9BAEF18967B93006E5447 /* AppIcon40x40@2x.png */,
				B6A9BAF018967B93006E5447 /* AppIcon50x50.png */,
				B6A9BAF118967B93006E5447 /* AppIcon50x50@2x.png */,
				B6A9BAF218967B93006E5447 /* AppIcon57x57.png */,
				B6A9BAF318967B93006E5447 /* AppIcon57x57@2x.png */,
				B6A9BAF418967B93006E5447 /* AppIcon60x60.png */,
				B6A9BAF518967B93006E5447 /* AppIcon60x60@2x.png */,
				B6A9BAF618967B93006E5447 /* AppIcon72x72.png */,
				B6A9BAF718967B93006E5447 /* AppIcon72x72@2x.png */,
				B6A9BAF818967B93006E5447 /* AppIcon76x76.png */,
				B6A9BAF918967B93006E5447 /* AppIcon76x76@2x.png */,
				B6A9BAFA18967B93006E5447 /* iTunesArtwork.png */,
				B6A9BAFB18967B93006E5447 /* iTunesArtwork@2x.png */,
			);
			path = "App_Icon_[Rounded]";
			sourceTree = SOURCE_ROOT;
		};
/* End PBXGroup section */

/* Begin PBXNativeTarget section */
		B6A9BA3C188EE6BF006E5447 /* tabed */ = {
			isa = PBXNativeTarget;
			buildConfigurationList = B6A9BA72188EE6C0006E5447 /* Build configuration list for PBXNativeTarget "tabed" */;
			buildPhases = (
				B6A9BA39188EE6BF006E5447 /* Sources */,
				B6A9BA3A188EE6BF006E5447 /* Frameworks */,
				B6A9BA3B188EE6BF006E5447 /* Resources */,
			);
			buildRules = (
			);
			dependencies = (
			);
			name = tabed;
			productName = tabed;
			productReference = B6A9BA3D188EE6BF006E5447 /* tabed.app */;
			productType = "com.apple.product-type.application";
		};
		B6A9BA60188EE6C0006E5447 /* tabedTests */ = {
			isa = PBXNativeTarget;
			buildConfigurationList = B6A9BA75188EE6C0006E5447 /* Build configuration list for PBXNativeTarget "tabedTests" */;
			buildPhases = (
				B6A9BA5D188EE6C0006E5447 /* Sources */,
				B6A9BA5E188EE6C0006E5447 /* Frameworks */,
				B6A9BA5F188EE6C0006E5447 /* Resources */,
			);
			buildRules = (
			);
			dependencies = (
				B6A9BA67188EE6C0006E5447 /* PBXTargetDependency */,
			);
			name = tabedTests;
			productName = tabedTests;
			productReference = B6A9BA61188EE6C0006E5447 /* tabedTests.xctest */;
			productType = "com.apple.product-type.bundle.unit-test";
		};
/* End PBXNativeTarget section */

/* Begin PBXProject section */
		B6A9BA35188EE6BF006E5447 /* Project object */ = {
			isa = PBXProject;
			attributes = {
				CLASSPREFIX = tabed;
				LastUpgradeCheck = 0500;
				ORGANIZATIONNAME = nikolay.shaporin;
				TargetAttributes = {
					B6A9BA60188EE6C0006E5447 = {
						TestTargetID = B6A9BA3C188EE6BF006E5447;
					};
				};
			};
			buildConfigurationList = B6A9BA38188EE6BF006E5447 /* Build configuration list for PBXProject "tabed" */;
			compatibilityVersion = "Xcode 3.2";
			developmentRegion = English;
			hasScannedForEncodings = 0;
			knownRegions = (
				en,
				Base,
			);
			mainGroup = B6A9BA34188EE6BF006E5447;
			productRefGroup = B6A9BA3E188EE6BF006E5447 /* Products */;
			projectDirPath = "";
			projectRoot = "";
			targets = (
				B6A9BA3C188EE6BF006E5447 /* tabed */,
				B6A9BA60188EE6C0006E5447 /* tabedTests */,
			);
		};
/* End PBXProject section */

/* Begin PBXResourcesBuildPhase section */
		B6A9BA3B188EE6BF006E5447 /* Resources */ = {
			isa = PBXResourcesBuildPhase;
			buildActionMask = 2147483647;
			files = (
				B6A9BA5C188EE6BF006E5447 /* Images.xcassets in Resources */,
				B6A9BB0418967B93006E5447 /* AppIcon60x60.png in Resources */,
				B6A9BAFE18967B93006E5447 /* AppIcon40x40.png in Resources */,
				B6A9BAFF18967B93006E5447 /* AppIcon40x40@2x.png in Resources */,
				B6A9BAFD18967B93006E5447 /* AppIcon29x29@2x.png in Resources */,
				B6A9BA4B188EE6BF006E5447 /* InfoPlist.strings in Resources */,
				B6A9BB0A18967B93006E5447 /* iTunesArtwork.png in Resources */,
				B6A9BB0118967B93006E5447 /* AppIcon50x50@2x.png in Resources */,
				B6A9BA54188EE6BF006E5447 /* Main.storyboard in Resources */,
				B6A9BB0218967B93006E5447 /* AppIcon57x57.png in Resources */,
				B6A9BAFC18967B93006E5447 /* AppIcon29x29.png in Resources */,
				B6A9BB0518967B93006E5447 /* AppIcon60x60@2x.png in Resources */,
				B6A9BB0318967B93006E5447 /* AppIcon57x57@2x.png in Resources */,
				B6A9BB0B18967B93006E5447 /* iTunesArtwork@2x.png in Resources */,
				B6A9BB0018967B93006E5447 /* AppIcon50x50.png in Resources */,
				B6A9BB0618967B93006E5447 /* AppIcon72x72.png in Resources */,
				B6A9BB0718967B93006E5447 /* AppIcon72x72@2x.png in Resources */,
				B6A9BB0918967B93006E5447 /* AppIcon76x76@2x.png in Resources */,
				B6A9BB0818967B93006E5447 /* AppIcon76x76.png in Resources */,
			);
			runOnlyForDeploymentPostprocessing = 0;
		};
		B6A9BA5F188EE6C0006E5447 /* Resources */ = {
			isa = PBXResourcesBuildPhase;
			buildActionMask = 2147483647;
			files = (
				B6A9BA6D188EE6C0006E5447 /* InfoPlist.strings in Resources */,
			);
			runOnlyForDeploymentPostprocessing = 0;
		};
/* End PBXResourcesBuildPhase section */

/* Begin PBXSourcesBuildPhase section */
		B6A9BA39188EE6BF006E5447 /* Sources */ = {
			isa = PBXSourcesBuildPhase;
			buildActionMask = 2147483647;
			files = (
				B6A9BA5A188EE6BF006E5447 /* tabedSecondViewController.m in Sources */,
				B6D8167B189A892F007603BC /* descriptionViewController.m in Sources */,
				B6A9BA4D188EE6BF006E5447 /* main.m in Sources */,
				B6A9BAC91895A77D006E5447 /* filmCell.m in Sources */,
				B6A9BA51188EE6BF006E5447 /* tabedAppDelegate.m in Sources */,
				B6A9BA7D1890247D006E5447 /* TableViewController.m in Sources */,
			);
			runOnlyForDeploymentPostprocessing = 0;
		};
		B6A9BA5D188EE6C0006E5447 /* Sources */ = {
			isa = PBXSourcesBuildPhase;
			buildActionMask = 2147483647;
			files = (
				B6A9BA6F188EE6C0006E5447 /* tabedTests.m in Sources */,
			);
			runOnlyForDeploymentPostprocessing = 0;
		};
/* End PBXSourcesBuildPhase section */

/* Begin PBXTargetDependency section */
		B6A9BA67188EE6C0006E5447 /* PBXTargetDependency */ = {
			isa = PBXTargetDependency;
			target = B6A9BA3C188EE6BF006E5447 /* tabed */;
			targetProxy = B6A9BA66188EE6C0006E5447 /* PBXContainerItemProxy */;
		};
/* End PBXTargetDependency section */

/* Begin PBXVariantGroup section */
		B6A9BA49188EE6BF006E5447 /* InfoPlist.strings */ = {
			isa = PBXVariantGroup;
			children = (
				B6A9BA4A188EE6BF006E5447 /* en */,
			);
			name = InfoPlist.strings;
			sourceTree = "<group>";
		};
		B6A9BA52188EE6BF006E5447 /* Main.storyboard */ = {
			isa = PBXVariantGroup;
			children = (
				B6A9BA53188EE6BF006E5447 /* Base */,
			);
			name = Main.storyboard;
			sourceTree = "<group>";
		};
		B6A9BA6B188EE6C0006E5447 /* InfoPlist.strings */ = {
			isa = PBXVariantGroup;
			children = (
				B6A9BA6C188EE6C0006E5447 /* en */,
			);
			name = InfoPlist.strings;
			sourceTree = "<group>";
		};
/* End PBXVariantGroup section */

/* Begin XCBuildConfiguration section */
		B6A9BA70188EE6C0006E5447 /* Debug */ = {
			isa = XCBuildConfiguration;
			buildSettings = {
				ALWAYS_SEARCH_USER_PATHS = NO;
				ARCHS = "$(ARCHS_STANDARD_INCLUDING_64_BIT)";
				CLANG_CXX_LANGUAGE_STANDARD = "gnu++0x";
				CLANG_CXX_LIBRARY = "libc++";
				CLANG_ENABLE_MODULES = YES;
				CLANG_ENABLE_OBJC_ARC = YES;
				CLANG_WARN_BOOL_CONVERSION = YES;
				CLANG_WARN_CONSTANT_CONVERSION = YES;
				CLANG_WARN_DIRECT_OBJC_ISA_USAGE = YES_ERROR;
				CLANG_WARN_EMPTY_BODY = YES;
				CLANG_WARN_ENUM_CONVERSION = YES;
				CLANG_WARN_INT_CONVERSION = YES;
				CLANG_WARN_OBJC_ROOT_CLASS = YES_ERROR;
				CLANG_WARN__DUPLICATE_METHOD_MATCH = YES;
				"CODE_SIGN_IDENTITY[sdk=iphoneos*]" = "iPhone Developer";
				COPY_PHASE_STRIP = NO;
				GCC_C_LANGUAGE_STANDARD = gnu99;
				GCC_DYNAMIC_NO_PIC = NO;
				GCC_OPTIMIZATION_LEVEL = 0;
				GCC_PREPROCESSOR_DEFINITIONS = (
					"DEBUG=1",
					"$(inherited)",
				);
				GCC_SYMBOLS_PRIVATE_EXTERN = NO;
				GCC_WARN_64_TO_32_BIT_CONVERSION = YES;
				GCC_WARN_ABOUT_RETURN_TYPE = YES_ERROR;
				GCC_WARN_UNDECLARED_SELECTOR = YES;
				GCC_WARN_UNINITIALIZED_AUTOS = YES;
				GCC_WARN_UNUSED_FUNCTION = YES;
				GCC_WARN_UNUSED_VARIABLE = YES;
				IPHONEOS_DEPLOYMENT_TARGET = 7.0;
				ONLY_ACTIVE_ARCH = YES;
				SDKROOT = iphoneos;
			};
			name = Debug;
		};
		B6A9BA71188EE6C0006E5447 /* Release */ = {
			isa = XCBuildConfiguration;
			buildSettings = {
				ALWAYS_SEARCH_USER_PATHS = NO;
				ARCHS = "$(ARCHS_STANDARD_INCLUDING_64_BIT)";
				CLANG_CXX_LANGUAGE_STANDARD = "gnu++0x";
				CLANG_CXX_LIBRARY = "libc++";
				CLANG_ENABLE_MODULES = YES;
				CLANG_ENABLE_OBJC_ARC = YES;
				CLANG_WARN_BOOL_CONVERSION = YES;
				CLANG_WARN_CONSTANT_CONVERSION = YES;
				CLANG_WARN_DIRECT_OBJC_ISA_USAGE = YES_ERROR;
				CLANG_WARN_EMPTY_BODY = YES;
				CLANG_WARN_ENUM_CONVERSION = YES;
				CLANG_WARN_INT_CONVERSION = YES;
				CLANG_WARN_OBJC_ROOT_CLASS = YES_ERROR;
				CLANG_WARN__DUPLICATE_METHOD_MATCH = YES;
				"CODE_SIGN_IDENTITY[sdk=iphoneos*]" = "iPhone Developer";
				COPY_PHASE_STRIP = YES;
				ENABLE_NS_ASSERTIONS = NO;
				GCC_C_LANGUAGE_STANDARD = gnu99;
				GCC_WARN_64_TO_32_BIT_CONVERSION = YES;
				GCC_WARN_ABOUT_RETURN_TYPE = YES_ERROR;
				GCC_WARN_UNDECLARED_SELECTOR = YES;
				GCC_WARN_UNINITIALIZED_AUTOS = YES;
				GCC_WARN_UNUSED_FUNCTION = YES;
				GCC_WARN_UNUSED_VARIABLE = YES;
				IPHONEOS_DEPLOYMENT_TARGET = 7.0;
				SDKROOT = iphoneos;
				VALIDATE_PRODUCT = YES;
			};
			name = Release;
		};
		B6A9BA73188EE6C0006E5447 /* Debug */ = {
			isa = XCBuildConfiguration;
			buildSettings = {
				ASSETCATALOG_COMPILER_APPICON_NAME = AppIcon;
				ASSETCATALOG_COMPILER_LAUNCHIMAGE_NAME = LaunchImage;
				GCC_PRECOMPILE_PREFIX_HEADER = YES;
				GCC_PREFIX_HEADER = "tabed/tabed-Prefix.pch";
				INFOPLIST_FILE = "tabed/tabed-Info.plist";
				PRODUCT_NAME = "$(TARGET_NAME)";
				WRAPPER_EXTENSION = app;
			};
			name = Debug;
		};
		B6A9BA74188EE6C0006E5447 /* Release */ = {
			isa = XCBuildConfiguration;
			buildSettings = {
				ASSETCATALOG_COMPILER_APPICON_NAME = AppIcon;
				ASSETCATALOG_COMPILER_LAUNCHIMAGE_NAME = LaunchImage;
				GCC_PRECOMPILE_PREFIX_HEADER = YES;
				GCC_PREFIX_HEADER = "tabed/tabed-Prefix.pch";
				INFOPLIST_FILE = "tabed/tabed-Info.plist";
				PRODUCT_NAME = "$(TARGET_NAME)";
				WRAPPER_EXTENSION = app;
			};
			name = Release;
		};
		B6A9BA76188EE6C0006E5447 /* Debug */ = {
			isa = XCBuildConfiguration;
			buildSettings = {
				ARCHS = "$(ARCHS_STANDARD_INCLUDING_64_BIT)";
				BUNDLE_LOADER = "$(BUILT_PRODUCTS_DIR)/tabed.app/tabed";
				FRAMEWORK_SEARCH_PATHS = (
					"$(SDKROOT)/Developer/Library/Frameworks",
					"$(inherited)",
					"$(DEVELOPER_FRAMEWORKS_DIR)",
				);
				GCC_PRECOMPILE_PREFIX_HEADER = YES;
				GCC_PREFIX_HEADER = "tabed/tabed-Prefix.pch";
				GCC_PREPROCESSOR_DEFINITIONS = (
					"DEBUG=1",
					"$(inherited)",
				);
				INFOPLIST_FILE = "tabedTests/tabedTests-Info.plist";
				PRODUCT_NAME = "$(TARGET_NAME)";
				TEST_HOST = "$(BUNDLE_LOADER)";
				WRAPPER_EXTENSION = xctest;
			};
			name = Debug;
		};
		B6A9BA77188EE6C0006E5447 /* Release */ = {
			isa = XCBuildConfiguration;
			buildSettings = {
				ARCHS = "$(ARCHS_STANDARD_INCLUDING_64_BIT)";
				BUNDLE_LOADER = "$(BUILT_PRODUCTS_DIR)/tabed.app/tabed";
				FRAMEWORK_SEARCH_PATHS = (
					"$(SDKROOT)/Developer/Library/Frameworks",
					"$(inherited)",
					"$(DEVELOPER_FRAMEWORKS_DIR)",
				);
				GCC_PRECOMPILE_PREFIX_HEADER = YES;
				GCC_PREFIX_HEADER = "tabed/tabed-Prefix.pch";
				INFOPLIST_FILE = "tabedTests/tabedTests-Info.plist";
				PRODUCT_NAME = "$(TARGET_NAME)";
				TEST_HOST = "$(BUNDLE_LOADER)";
				WRAPPER_EXTENSION = xctest;
			};
			name = Release;
		};
/* End XCBuildConfiguration section */

/* Begin XCConfigurationList section */
		B6A9BA38188EE6BF006E5447 /* Build configuration list for PBXProject "tabed" */ = {
			isa = XCConfigurationList;
			buildConfigurations = (
				B6A9BA70188EE6C0006E5447 /* Debug */,
				B6A9BA71188EE6C0006E5447 /* Release */,
			);
			defaultConfigurationIsVisible = 0;
			defaultConfigurationName = Release;
		};
		B6A9BA72188EE6C0006E5447 /* Build configuration list for PBXNativeTarget "tabed" */ = {
			isa = XCConfigurationList;
			buildConfigurations = (
				B6A9BA73188EE6C0006E5447 /* Debug */,
				B6A9BA74188EE6C0006E5447 /* Release */,
			);
			defaultConfigurationIsVisible = 0;
			defaultConfigurationName = Release;
		};
		B6A9BA75188EE6C0006E5447 /* Build configuration list for PBXNativeTarget "tabedTests" */ = {
			isa = XCConfigurationList;
			buildConfigurations = (
				B6A9BA76188EE6C0006E5447 /* Debug */,
				B6A9BA77188EE6C0006E5447 /* Release */,
			);
			defaultConfigurationIsVisible = 0;
			defaultConfigurationName = Release;
		};
/* End XCConfigurationList section */
	};
	rootObject = B6A9BA35188EE6BF006E5447 /* Project object */;
}
